
Microsoft Visual Studio Solution File, Format Version 12.00
# Visual Studio Version 17
VisualStudioVersion = 17.1.32407.343
MinimumVisualStudioVersion = 10.0.40219.1
Project("{9A19103F-16F7-4668-BE54-9A1E7A4F7556}") = "WPFUI", "WPFUI\WPFUI.csproj", "{0A775829-A8F4-4B21-8B63-3F961B0287BB}"
EndProject
Project("{9A19103F-16F7-4668-BE54-9A1E7A4F7556}") = "AppVerbe.ViewModels", "AppVerbe.ViewModels\AppVerbe.ViewModels.csproj", "{AF8EDBCD-E6FB-4363-9667-5DDBC03DD729}"
EndProject
Project("{9A19103F-16F7-4668-BE54-9A1E7A4F7556}") = "AppVerbe.Models", "AppVerbe.Models\AppVerbe.Models.csproj", "{0F3790B7-A0C3-4F8A-BD17-BE25F45EC6BD}"
EndProject
Project("{9A19103F-16F7-4668-BE54-9A1E7A4F7556}") = "AppVerbe.Services", "AppVerbe.Services\AppVerbe.Services.csproj", "{BA46B063-29FC-49CA-977A-D7459E761890}"
EndProject
Project("{54435603-DBB4-11D2-8724-00A0C9A8B90C}") = "VerbeApp_Setup", "VerbeApp_Setup\VerbeApp_Setup.vdproj", "{525752AF-F96C-4A62-92E9-5949E8D9F3E8}"
EndProject
Global
	GlobalSection(SolutionConfigurationPlatforms) = preSolution
		Debug|Any CPU = Debug|Any CPU
		Release|Any CPU = Release|Any CPU
	EndGlobalSection
	GlobalSection(ProjectConfigurationPlatforms) = postSolution
		{0A775829-A8F4-4B21-8B63-3F961B0287BB}.Debug|Any CPU.ActiveCfg = Debug|Any CPU
		{0A775829-A8F4-4B21-8B63-3F961B0287BB}.Debug|Any CPU.Build.0 = Debug|Any CPU
		{0A775829-A8F4-4B21-8B63-3F961B0287BB}.Release|Any CPU.ActiveCfg = Debug|Any CPU
		{0A775829-A8F4-4B21-8B63-3F961B0287BB}.Release|Any CPU.Build.0 = Debug|Any CPU
		{AF8EDBCD-E6FB-4363-9667-5DDBC03DD729}.Debug|Any CPU.ActiveCfg = Debug|Any CPU
		{AF8EDBCD-E6FB-4363-9667-5DDBC03DD729}.Debug|Any CPU.Build.0 = Debug|Any CPU
		{AF8EDBCD-E6FB-4363-9667-5DDBC03DD729}.Release|Any CPU.ActiveCfg = Debug|Any CPU
		{AF8EDBCD-E6FB-4363-9667-5DDBC03DD729}.Release|Any CPU.Build.0 = Debug|Any CPU
		{0F3790B7-A0C3-4F8A-BD17-BE25F45EC6BD}.Debug|Any CPU.ActiveCfg = Debug|Any CPU
		{0F3790B7-A0C3-4F8A-BD17-BE25F45EC6BD}.Debug|Any CPU.Build.0 = Debug|Any CPU
		{0F3790B7-A0C3-4F8A-BD17-BE25F45EC6BD}.Release|Any CPU.ActiveCfg = Debug|Any CPU
		{0F3790B7-A0C3-4F8A-BD17-BE25F45EC6BD}.Release|Any CPU.Build.0 = Debug|Any CPU
		{BA46B063-29FC-49CA-977A-D7459E761890}.Debug|Any CPU.ActiveCfg = Debug|Any CPU
		{BA46B063-29FC-49CA-977A-D7459E761890}.Debug|Any CPU.Build.0 = Debug|Any CPU
		{BA46B063-29FC-49CA-977A-D7459E761890}.Release|Any CPU.ActiveCfg = Debug|Any CPU
		{BA46B063-29FC-49CA-977A-D7459E761890}.Release|Any CPU.Build.0 = Debug|Any CPU
		{525752AF-F96C-4A62-92E9-5949E8D9F3E8}.Debug|Any CPU.ActiveCfg = Debug
		{525752AF-F96C-4A62-92E9-5949E8D9F3E8}.Release|Any CPU.ActiveCfg = Release
	EndGlobalSection
	GlobalSection(SolutionProperties) = preSolution
		HideSolutionNode = FALSE
	EndGlobalSection
	GlobalSection(ExtensibilityGlobals) = postSolution
		SolutionGuid = {2D34049D-504D-4576-928C-12723A80B15E}
	EndGlobalSection
EndGlobal
